// !$*UTF8*$!
{
	archiveVersion = 1;
	classes = {
	};
	objectVersion = 46;
	objects = {

/* Begin PBXBuildFile section */
		505AAC091EB3A1C40092188D /* Recommendations.swift in Sources */ = {isa = PBXBuildFile; fileRef = 505AAC041EB3A1C40092188D /* Recommendations.swift */; };
		505AAC0A1EB3A1C40092188D /* RecommendationsAPI.swift in Sources */ = {isa = PBXBuildFile; fileRef = 505AAC051EB3A1C40092188D /* RecommendationsAPI.swift */; };
		505AAC0B1EB3A1C40092188D /* RecommendationsCell.swift in Sources */ = {isa = PBXBuildFile; fileRef = 505AAC061EB3A1C40092188D /* RecommendationsCell.swift */; };
		505AAC0C1EB3A1C40092188D /* RecommendationsStore.swift in Sources */ = {isa = PBXBuildFile; fileRef = 505AAC071EB3A1C40092188D /* RecommendationsStore.swift */; };
		505AAC0D1EB3A1C40092188D /* RecommendationTableViewController.swift in Sources */ = {isa = PBXBuildFile; fileRef = 505AAC081EB3A1C40092188D /* RecommendationTableViewController.swift */; };
		C127E8221E986FC600174E5D /* HistoricalDataViewController.swift in Sources */ = {isa = PBXBuildFile; fileRef = C127E8211E986FC600174E5D /* HistoricalDataViewController.swift */; };
		C1878A6A1EA9A74F00B12C78 /* CurrencyLayerListAPI.swift in Sources */ = {isa = PBXBuildFile; fileRef = C1878A691EA9A74F00B12C78 /* CurrencyLayerListAPI.swift */; };
		C1878A6F1EAAAF3300B12C78 /* CurrencyLayerLiveAPI.swift in Sources */ = {isa = PBXBuildFile; fileRef = C1878A6E1EAAAF3300B12C78 /* CurrencyLayerLiveAPI.swift */; };
		C1878A761EAD04B900B12C78 /* HistoricalDataAPI.swift in Sources */ = {isa = PBXBuildFile; fileRef = C1878A751EAD04B900B12C78 /* HistoricalDataAPI.swift */; };
		C1878A781EAD115300B12C78 /* HistoricalData.swift in Sources */ = {isa = PBXBuildFile; fileRef = C1878A771EAD115300B12C78 /* HistoricalData.swift */; };
		C1878A7A1EAD137F00B12C78 /* HistoricalDataStore.swift in Sources */ = {isa = PBXBuildFile; fileRef = C1878A791EAD137F00B12C78 /* HistoricalDataStore.swift */; };
		C1CCDB2F1E959C7000DBBA70 /* AppDelegate.swift in Sources */ = {isa = PBXBuildFile; fileRef = C1CCDB2E1E959C7000DBBA70 /* AppDelegate.swift */; };
		C1CCDB341E959C7000DBBA70 /* Main.storyboard in Resources */ = {isa = PBXBuildFile; fileRef = C1CCDB321E959C7000DBBA70 /* Main.storyboard */; };
		C1CCDB361E959C7000DBBA70 /* Assets.xcassets in Resources */ = {isa = PBXBuildFile; fileRef = C1CCDB351E959C7000DBBA70 /* Assets.xcassets */; };
		C1CCDB391E959C7000DBBA70 /* LaunchScreen.storyboard in Resources */ = {isa = PBXBuildFile; fileRef = C1CCDB371E959C7000DBBA70 /* LaunchScreen.storyboard */; };
		C1CCDB411E959D8C00DBBA70 /* BaseCurrencySelector.swift in Sources */ = {isa = PBXBuildFile; fileRef = C1CCDB401E959D8C00DBBA70 /* BaseCurrencySelector.swift */; };
		C1CCDB431E95A34900DBBA70 /* Currency.swift in Sources */ = {isa = PBXBuildFile; fileRef = C1CCDB421E95A34900DBBA70 /* Currency.swift */; };
		C1CCDB451E95A38100DBBA70 /* CurrencyStore.swift in Sources */ = {isa = PBXBuildFile; fileRef = C1CCDB441E95A38100DBBA70 /* CurrencyStore.swift */; };
		C1CCDB4B1E966AAD00DBBA70 /* BaseCurrencyCell.swift in Sources */ = {isa = PBXBuildFile; fileRef = C1CCDB4A1E966AAD00DBBA70 /* BaseCurrencyCell.swift */; };
		C1CCDB4D1E968AA000DBBA70 /* ConversionTableViewController.swift in Sources */ = {isa = PBXBuildFile; fileRef = C1CCDB4C1E968AA000DBBA70 /* ConversionTableViewController.swift */; };
		C1CCDB531E96957B00DBBA70 /* ConversoinRate.swift in Sources */ = {isa = PBXBuildFile; fileRef = C1CCDB521E96957B00DBBA70 /* ConversoinRate.swift */; };
		C1CCDB551E969AD600DBBA70 /* ConversionRateStore.swift in Sources */ = {isa = PBXBuildFile; fileRef = C1CCDB541E969AD600DBBA70 /* ConversionRateStore.swift */; };
		C1CCDB571E969E4E00DBBA70 /* ConversionRatesCell.swift in Sources */ = {isa = PBXBuildFile; fileRef = C1CCDB561E969E4E00DBBA70 /* ConversionRatesCell.swift */; };
		DD70FDA41EB8246A009B0526 /* DateRange.swift in Sources */ = {isa = PBXBuildFile; fileRef = DD70FDA31EB8246A009B0526 /* DateRange.swift */; };
/* End PBXBuildFile section */

/* Begin PBXCopyFilesBuildPhase section */
		C127E8271E986FE700174E5D /* Embed Frameworks */ = {
			isa = PBXCopyFilesBuildPhase;
			buildActionMask = 2147483647;
			dstPath = "";
			dstSubfolderSpec = 10;
			files = (
			);
			name = "Embed Frameworks";
			runOnlyForDeploymentPostprocessing = 0;
		};
/* End PBXCopyFilesBuildPhase section */

/* Begin PBXFileReference section */
		505AAC041EB3A1C40092188D /* Recommendations.swift */ = {isa = PBXFileReference; fileEncoding = 4; lastKnownFileType = sourcecode.swift; path = Recommendations.swift; sourceTree = "<group>"; };
		505AAC051EB3A1C40092188D /* RecommendationsAPI.swift */ = {isa = PBXFileReference; fileEncoding = 4; lastKnownFileType = sourcecode.swift; path = RecommendationsAPI.swift; sourceTree = "<group>"; };
		505AAC061EB3A1C40092188D /* RecommendationsCell.swift */ = {isa = PBXFileReference; fileEncoding = 4; lastKnownFileType = sourcecode.swift; path = RecommendationsCell.swift; sourceTree = "<group>"; };
		505AAC071EB3A1C40092188D /* RecommendationsStore.swift */ = {isa = PBXFileReference; fileEncoding = 4; lastKnownFileType = sourcecode.swift; path = RecommendationsStore.swift; sourceTree = "<group>"; };
		505AAC081EB3A1C40092188D /* RecommendationTableViewController.swift */ = {isa = PBXFileReference; fileEncoding = 4; lastKnownFileType = sourcecode.swift; path = RecommendationTableViewController.swift; sourceTree = "<group>"; };
		C127E8211E986FC600174E5D /* HistoricalDataViewController.swift */ = {isa = PBXFileReference; fileEncoding = 4; lastKnownFileType = sourcecode.swift; path = HistoricalDataViewController.swift; sourceTree = "<group>"; };
		C1878A691EA9A74F00B12C78 /* CurrencyLayerListAPI.swift */ = {isa = PBXFileReference; fileEncoding = 4; lastKnownFileType = sourcecode.swift; path = CurrencyLayerListAPI.swift; sourceTree = "<group>"; };
		C1878A6E1EAAAF3300B12C78 /* CurrencyLayerLiveAPI.swift */ = {isa = PBXFileReference; fileEncoding = 4; lastKnownFileType = sourcecode.swift; path = CurrencyLayerLiveAPI.swift; sourceTree = "<group>"; };
		C1878A751EAD04B900B12C78 /* HistoricalDataAPI.swift */ = {isa = PBXFileReference; fileEncoding = 4; lastKnownFileType = sourcecode.swift; path = HistoricalDataAPI.swift; sourceTree = "<group>"; };
		C1878A771EAD115300B12C78 /* HistoricalData.swift */ = {isa = PBXFileReference; fileEncoding = 4; lastKnownFileType = sourcecode.swift; path = HistoricalData.swift; sourceTree = "<group>"; };
		C1878A791EAD137F00B12C78 /* HistoricalDataStore.swift */ = {isa = PBXFileReference; fileEncoding = 4; lastKnownFileType = sourcecode.swift; path = HistoricalDataStore.swift; sourceTree = "<group>"; };
		C1CCDB2B1E959C7000DBBA70 /* SmartEx.app */ = {isa = PBXFileReference; explicitFileType = wrapper.application; includeInIndex = 0; path = SmartEx.app; sourceTree = BUILT_PRODUCTS_DIR; };
		C1CCDB2E1E959C7000DBBA70 /* AppDelegate.swift */ = {isa = PBXFileReference; lastKnownFileType = sourcecode.swift; path = AppDelegate.swift; sourceTree = "<group>"; };
		C1CCDB331E959C7000DBBA70 /* Base */ = {isa = PBXFileReference; lastKnownFileType = file.storyboard; name = Base; path = Base.lproj/Main.storyboard; sourceTree = "<group>"; };
		C1CCDB351E959C7000DBBA70 /* Assets.xcassets */ = {isa = PBXFileReference; lastKnownFileType = folder.assetcatalog; path = Assets.xcassets; sourceTree = "<group>"; };
		C1CCDB381E959C7000DBBA70 /* Base */ = {isa = PBXFileReference; lastKnownFileType = file.storyboard; name = Base; path = Base.lproj/LaunchScreen.storyboard; sourceTree = "<group>"; };
		C1CCDB3A1E959C7000DBBA70 /* Info.plist */ = {isa = PBXFileReference; lastKnownFileType = text.plist.xml; path = Info.plist; sourceTree = "<group>"; };
		C1CCDB401E959D8C00DBBA70 /* BaseCurrencySelector.swift */ = {isa = PBXFileReference; fileEncoding = 4; lastKnownFileType = sourcecode.swift; path = BaseCurrencySelector.swift; sourceTree = "<group>"; };
		C1CCDB421E95A34900DBBA70 /* Currency.swift */ = {isa = PBXFileReference; fileEncoding = 4; lastKnownFileType = sourcecode.swift; path = Currency.swift; sourceTree = "<group>"; };
		C1CCDB441E95A38100DBBA70 /* CurrencyStore.swift */ = {isa = PBXFileReference; fileEncoding = 4; lastKnownFileType = sourcecode.swift; path = CurrencyStore.swift; sourceTree = "<group>"; };
		C1CCDB4A1E966AAD00DBBA70 /* BaseCurrencyCell.swift */ = {isa = PBXFileReference; fileEncoding = 4; lastKnownFileType = sourcecode.swift; path = BaseCurrencyCell.swift; sourceTree = "<group>"; };
		C1CCDB4C1E968AA000DBBA70 /* ConversionTableViewController.swift */ = {isa = PBXFileReference; fileEncoding = 4; lastKnownFileType = sourcecode.swift; path = ConversionTableViewController.swift; sourceTree = "<group>"; };
		C1CCDB521E96957B00DBBA70 /* ConversoinRate.swift */ = {isa = PBXFileReference; fileEncoding = 4; lastKnownFileType = sourcecode.swift; path = ConversoinRate.swift; sourceTree = "<group>"; };
		C1CCDB541E969AD600DBBA70 /* ConversionRateStore.swift */ = {isa = PBXFileReference; fileEncoding = 4; lastKnownFileType = sourcecode.swift; path = ConversionRateStore.swift; sourceTree = "<group>"; };
		C1CCDB561E969E4E00DBBA70 /* ConversionRatesCell.swift */ = {isa = PBXFileReference; fileEncoding = 4; lastKnownFileType = sourcecode.swift; path = ConversionRatesCell.swift; sourceTree = "<group>"; };
		DD70FDA31EB8246A009B0526 /* DateRange.swift */ = {isa = PBXFileReference; fileEncoding = 4; lastKnownFileType = sourcecode.swift; name = DateRange.swift; path = ../DateRange.swift; sourceTree = "<group>"; };
/* End PBXFileReference section */

/* Begin PBXFrameworksBuildPhase section */
		C1CCDB281E959C7000DBBA70 /* Frameworks */ = {
			isa = PBXFrameworksBuildPhase;
			buildActionMask = 2147483647;
			files = (
			);
			runOnlyForDeploymentPostprocessing = 0;
		};
/* End PBXFrameworksBuildPhase section */

/* Begin PBXGroup section */
		C1CCDB221E959C7000DBBA70 = {
			isa = PBXGroup;
			children = (
				C1CCDB2D1E959C7000DBBA70 /* SmartEx */,
				C1CCDB2C1E959C7000DBBA70 /* Products */,
			);
			sourceTree = "<group>";
		};
		C1CCDB2C1E959C7000DBBA70 /* Products */ = {
			isa = PBXGroup;
			children = (
				C1CCDB2B1E959C7000DBBA70 /* SmartEx.app */,
			);
			name = Products;
			sourceTree = "<group>";
		};
		C1CCDB2D1E959C7000DBBA70 /* SmartEx */ = {
			isa = PBXGroup;
			children = (
				C1CCDB2E1E959C7000DBBA70 /* AppDelegate.swift */,
				DDAF352A1EB6AD0400E16574 /* StoryBoards */,
				DDAF35221EB6AB2300E16574 /* Base Currency Selection */,
				DDAF35251EB6AB3800E16574 /* Conversion Rate Live */,
				C1CCDB351E959C7000DBBA70 /* Assets.xcassets */,
				C1CCDB3A1E959C7000DBBA70 /* Info.plist */,
				DDAF35281EB6ACC400E16574 /* Historical Data */,
				DDAF35291EB6ACE800E16574 /* Recommendations */,
			);
			path = SmartEx;
			sourceTree = "<group>";
		};
		DDAF35221EB6AB2300E16574 /* Base Currency Selection */ = {
			isa = PBXGroup;
			children = (
				C1CCDB421E95A34900DBBA70 /* Currency.swift */,
				C1CCDB441E95A38100DBBA70 /* CurrencyStore.swift */,
				C1878A691EA9A74F00B12C78 /* CurrencyLayerListAPI.swift */,
				C1CCDB401E959D8C00DBBA70 /* BaseCurrencySelector.swift */,
				C1CCDB4A1E966AAD00DBBA70 /* BaseCurrencyCell.swift */,
			);
			name = "Base Currency Selection";
			sourceTree = "<group>";
		};
		DDAF35251EB6AB3800E16574 /* Conversion Rate Live */ = {
			isa = PBXGroup;
			children = (
				C1CCDB4C1E968AA000DBBA70 /* ConversionTableViewController.swift */,
				C1CCDB521E96957B00DBBA70 /* ConversoinRate.swift */,
				C1CCDB541E969AD600DBBA70 /* ConversionRateStore.swift */,
				C1CCDB561E969E4E00DBBA70 /* ConversionRatesCell.swift */,
				C1878A6E1EAAAF3300B12C78 /* CurrencyLayerLiveAPI.swift */,
			);
			name = "Conversion Rate Live";
			sourceTree = "<group>";
		};
		DDAF35281EB6ACC400E16574 /* Historical Data */ = {
			isa = PBXGroup;
			children = (
				DD70FDA31EB8246A009B0526 /* DateRange.swift */,
				C127E8211E986FC600174E5D /* HistoricalDataViewController.swift */,
				C1878A751EAD04B900B12C78 /* HistoricalDataAPI.swift */,
				C1878A771EAD115300B12C78 /* HistoricalData.swift */,
				C1878A791EAD137F00B12C78 /* HistoricalDataStore.swift */,
			);
			name = "Historical Data";
			sourceTree = "<group>";
		};
		DDAF35291EB6ACE800E16574 /* Recommendations */ = {
			isa = PBXGroup;
			children = (
				505AAC041EB3A1C40092188D /* Recommendations.swift */,
				505AAC051EB3A1C40092188D /* RecommendationsAPI.swift */,
				505AAC061EB3A1C40092188D /* RecommendationsCell.swift */,
				505AAC071EB3A1C40092188D /* RecommendationsStore.swift */,
				505AAC081EB3A1C40092188D /* RecommendationTableViewController.swift */,
			);
			name = Recommendations;
			sourceTree = "<group>";
		};
		DDAF352A1EB6AD0400E16574 /* StoryBoards */ = {
			isa = PBXGroup;
			children = (
				C1CCDB321E959C7000DBBA70 /* Main.storyboard */,
				C1CCDB371E959C7000DBBA70 /* LaunchScreen.storyboard */,
			);
			name = StoryBoards;
			sourceTree = "<group>";
		};
/* End PBXGroup section */

/* Begin PBXNativeTarget section */
		C1CCDB2A1E959C7000DBBA70 /* SmartEx */ = {
			isa = PBXNativeTarget;
			buildConfigurationList = C1CCDB3D1E959C7000DBBA70 /* Build configuration list for PBXNativeTarget "SmartEx" */;
			buildPhases = (
				C1CCDB271E959C7000DBBA70 /* Sources */,
				C1CCDB281E959C7000DBBA70 /* Frameworks */,
				C1CCDB291E959C7000DBBA70 /* Resources */,
				C127E8271E986FE700174E5D /* Embed Frameworks */,
			);
			buildRules = (
			);
			dependencies = (
			);
			name = SmartEx;
			productName = SmartEx;
			productReference = C1CCDB2B1E959C7000DBBA70 /* SmartEx.app */;
			productType = "com.apple.product-type.application";
		};
/* End PBXNativeTarget section */

/* Begin PBXProject section */
		C1CCDB231E959C7000DBBA70 /* Project object */ = {
			isa = PBXProject;
			attributes = {
				LastSwiftUpdateCheck = 0730;
				LastUpgradeCheck = 0730;
				ORGANIZATIONNAME = "Komal Gujarathi";
				TargetAttributes = {
					C1CCDB2A1E959C7000DBBA70 = {
						CreatedOnToolsVersion = 7.3.1;
					};
				};
			};
			buildConfigurationList = C1CCDB261E959C7000DBBA70 /* Build configuration list for PBXProject "SmartEx" */;
			compatibilityVersion = "Xcode 3.2";
			developmentRegion = English;
			hasScannedForEncodings = 0;
			knownRegions = (
				en,
				Base,
			);
			mainGroup = C1CCDB221E959C7000DBBA70;
			productRefGroup = C1CCDB2C1E959C7000DBBA70 /* Products */;
			projectDirPath = "";
			projectRoot = "";
			targets = (
				C1CCDB2A1E959C7000DBBA70 /* SmartEx */,
			);
		};
/* End PBXProject section */

/* Begin PBXResourcesBuildPhase section */
		C1CCDB291E959C7000DBBA70 /* Resources */ = {
			isa = PBXResourcesBuildPhase;
			buildActionMask = 2147483647;
			files = (
				C1CCDB391E959C7000DBBA70 /* LaunchScreen.storyboard in Resources */,
				C1CCDB361E959C7000DBBA70 /* Assets.xcassets in Resources */,
				C1CCDB341E959C7000DBBA70 /* Main.storyboard in Resources */,
			);
			runOnlyForDeploymentPostprocessing = 0;
		};
/* End PBXResourcesBuildPhase section */

/* Begin PBXSourcesBuildPhase section */
		C1CCDB271E959C7000DBBA70 /* Sources */ = {
			isa = PBXSourcesBuildPhase;
			buildActionMask = 2147483647;
			files = (
				C1CCDB431E95A34900DBBA70 /* Currency.swift in Sources */,
				C1CCDB411E959D8C00DBBA70 /* BaseCurrencySelector.swift in Sources */,
				C1CCDB451E95A38100DBBA70 /* CurrencyStore.swift in Sources */,
				C1878A6F1EAAAF3300B12C78 /* CurrencyLayerLiveAPI.swift in Sources */,
				C1CCDB551E969AD600DBBA70 /* ConversionRateStore.swift in Sources */,
				C127E8221E986FC600174E5D /* HistoricalDataViewController.swift in Sources */,
				C1878A6A1EA9A74F00B12C78 /* CurrencyLayerListAPI.swift in Sources */,
				505AAC0D1EB3A1C40092188D /* RecommendationTableViewController.swift in Sources */,
				DD70FDA41EB8246A009B0526 /* DateRange.swift in Sources */,
				505AAC0C1EB3A1C40092188D /* RecommendationsStore.swift in Sources */,
				C1878A781EAD115300B12C78 /* HistoricalData.swift in Sources */,
				505AAC0A1EB3A1C40092188D /* RecommendationsAPI.swift in Sources */,
				C1CCDB4B1E966AAD00DBBA70 /* BaseCurrencyCell.swift in Sources */,
				505AAC0B1EB3A1C40092188D /* RecommendationsCell.swift in Sources */,
				C1CCDB2F1E959C7000DBBA70 /* AppDelegate.swift in Sources */,
				505AAC091EB3A1C40092188D /* Recommendations.swift in Sources */,
				C1CCDB531E96957B00DBBA70 /* ConversoinRate.swift in Sources */,
				C1CCDB4D1E968AA000DBBA70 /* ConversionTableViewController.swift in Sources */,
				C1878A7A1EAD137F00B12C78 /* HistoricalDataStore.swift in Sources */,
				C1878A761EAD04B900B12C78 /* HistoricalDataAPI.swift in Sources */,
				C1CCDB571E969E4E00DBBA70 /* ConversionRatesCell.swift in Sources */,
			);
			runOnlyForDeploymentPostprocessing = 0;
		};
/* End PBXSourcesBuildPhase section */

/* Begin PBXVariantGroup section */
		C1CCDB321E959C7000DBBA70 /* Main.storyboard */ = {
			isa = PBXVariantGroup;
			children = (
				C1CCDB331E959C7000DBBA70 /* Base */,
			);
			name = Main.storyboard;
			sourceTree = "<group>";
		};
		C1CCDB371E959C7000DBBA70 /* LaunchScreen.storyboard */ = {
			isa = PBXVariantGroup;
			children = (
				C1CCDB381E959C7000DBBA70 /* Base */,
			);
			name = LaunchScreen.storyboard;
			sourceTree = "<group>";
		};
/* End PBXVariantGroup section */

/* Begin XCBuildConfiguration section */
		C1CCDB3B1E959C7000DBBA70 /* Debug */ = {
			isa = XCBuildConfiguration;
			buildSettings = {
				ALWAYS_SEARCH_USER_PATHS = NO;
				CLANG_ANALYZER_NONNULL = YES;
				CLANG_CXX_LANGUAGE_STANDARD = "gnu++0x";
				CLANG_CXX_LIBRARY = "libc++";
				CLANG_ENABLE_MODULES = YES;
				CLANG_ENABLE_OBJC_ARC = YES;
				CLANG_WARN_BOOL_CONVERSION = YES;
				CLANG_WARN_CONSTANT_CONVERSION = YES;
				CLANG_WARN_DIRECT_OBJC_ISA_USAGE = YES_ERROR;
				CLANG_WARN_EMPTY_BODY = YES;
				CLANG_WARN_ENUM_CONVERSION = YES;
				CLANG_WARN_INT_CONVERSION = YES;
				CLANG_WARN_OBJC_ROOT_CLASS = YES_ERROR;
				CLANG_WARN_UNREACHABLE_CODE = YES;
				CLANG_WARN__DUPLICATE_METHOD_MATCH = YES;
				"CODE_SIGN_IDENTITY[sdk=iphoneos*]" = "iPhone Developer";
				COPY_PHASE_STRIP = NO;
				DEBUG_INFORMATION_FORMAT = dwarf;
				ENABLE_STRICT_OBJC_MSGSEND = YES;
				ENABLE_TESTABILITY = YES;
				GCC_C_LANGUAGE_STANDARD = gnu99;
				GCC_DYNAMIC_NO_PIC = NO;
				GCC_NO_COMMON_BLOCKS = YES;
				GCC_OPTIMIZATION_LEVEL = 0;
				GCC_PREPROCESSOR_DEFINITIONS = (
					"DEBUG=1",
					"$(inherited)",
				);
				GCC_WARN_64_TO_32_BIT_CONVERSION = YES;
				GCC_WARN_ABOUT_RETURN_TYPE = YES_ERROR;
				GCC_WARN_UNDECLARED_SELECTOR = YES;
				GCC_WARN_UNINITIALIZED_AUTOS = YES_AGGRESSIVE;
				GCC_WARN_UNUSED_FUNCTION = YES;
				GCC_WARN_UNUSED_VARIABLE = YES;
				IPHONEOS_DEPLOYMENT_TARGET = 9.3;
				MTL_ENABLE_DEBUG_INFO = YES;
				ONLY_ACTIVE_ARCH = YES;
				SDKROOT = iphoneos;
				SWIFT_OPTIMIZATION_LEVEL = "-Onone";
			};
			name = Debug;
		};
		C1CCDB3C1E959C7000DBBA70 /* Release */ = {
			isa = XCBuildConfiguration;
			buildSettings = {
				ALWAYS_SEARCH_USER_PATHS = NO;
				CLANG_ANALYZER_NONNULL = YES;
				CLANG_CXX_LANGUAGE_STANDARD = "gnu++0x";
				CLANG_CXX_LIBRARY = "libc++";
				CLANG_ENABLE_MODULES = YES;
				CLANG_ENABLE_OBJC_ARC = YES;
				CLANG_WARN_BOOL_CONVERSION = YES;
				CLANG_WARN_CONSTANT_CONVERSION = YES;
				CLANG_WARN_DIRECT_OBJC_ISA_USAGE = YES_ERROR;
				CLANG_WARN_EMPTY_BODY = YES;
				CLANG_WARN_ENUM_CONVERSION = YES;
				CLANG_WARN_INT_CONVERSION = YES;
				CLANG_WARN_OBJC_ROOT_CLASS = YES_ERROR;
				CLANG_WARN_UNREACHABLE_CODE = YES;
				CLANG_WARN__DUPLICATE_METHOD_MATCH = YES;
				"CODE_SIGN_IDENTITY[sdk=iphoneos*]" = "iPhone Developer";
				COPY_PHASE_STRIP = NO;
				DEBUG_INFORMATION_FORMAT = "dwarf-with-dsym";
				ENABLE_NS_ASSERTIONS = NO;
				ENABLE_STRICT_OBJC_MSGSEND = YES;
				GCC_C_LANGUAGE_STANDARD = gnu99;
				GCC_NO_COMMON_BLOCKS = YES;
				GCC_WARN_64_TO_32_BIT_CONVERSION = YES;
				GCC_WARN_ABOUT_RETURN_TYPE = YES_ERROR;
				GCC_WARN_UNDECLARED_SELECTOR = YES;
				GCC_WARN_UNINITIALIZED_AUTOS = YES_AGGRESSIVE;
				GCC_WARN_UNUSED_FUNCTION = YES;
				GCC_WARN_UNUSED_VARIABLE = YES;
				IPHONEOS_DEPLOYMENT_TARGET = 9.3;
				MTL_ENABLE_DEBUG_INFO = NO;
				SDKROOT = iphoneos;
				VALIDATE_PRODUCT = YES;
			};
			name = Release;
		};
		C1CCDB3E1E959C7000DBBA70 /* Debug */ = {
			isa = XCBuildConfiguration;
			buildSettings = {
				ASSETCATALOG_COMPILER_APPICON_NAME = AppIcon;
				ASSETCATALOG_COMPILER_LAUNCHIMAGE_NAME = "Brand Assets";
				CLANG_ENABLE_MODULES = YES;
				EMBEDDED_CONTENT_CONTAINS_SWIFT = YES;
				INFOPLIST_FILE = SmartEx/Info.plist;
				LD_RUNPATH_SEARCH_PATHS = "$(inherited) @executable_path/Frameworks";
				PRODUCT_BUNDLE_IDENTIFIER = com.gujarathikomal.SmartEx;
				PRODUCT_NAME = "$(TARGET_NAME)";
				SWIFT_OBJC_BRIDGING_HEADER = "SmartEx/SmartEx-Bridging-Header.h";
				SWIFT_OPTIMIZATION_LEVEL = "-Onone";
			};
			name = Debug;
		};
		C1CCDB3F1E959C7000DBBA70 /* Release */ = {
			isa = XCBuildConfiguration;
			buildSettings = {
				ASSETCATALOG_COMPILER_APPICON_NAME = AppIcon;
				ASSETCATALOG_COMPILER_LAUNCHIMAGE_NAME = "Brand Assets";
				CLANG_ENABLE_MODULES = YES;
				EMBEDDED_CONTENT_CONTAINS_SWIFT = YES;
				INFOPLIST_FILE = SmartEx/Info.plist;
				LD_RUNPATH_SEARCH_PATHS = "$(inherited) @executable_path/Frameworks";
				PRODUCT_BUNDLE_IDENTIFIER = com.gujarathikomal.SmartEx;
				PRODUCT_NAME = "$(TARGET_NAME)";
				SWIFT_OBJC_BRIDGING_HEADER = "SmartEx/SmartEx-Bridging-Header.h";
			};
			name = Release;
		};
/* End XCBuildConfiguration section */

/* Begin XCConfigurationList section */
		C1CCDB261E959C7000DBBA70 /* Build configuration list for PBXProject "SmartEx" */ = {
			isa = XCConfigurationList;
			buildConfigurations = (
				C1CCDB3B1E959C7000DBBA70 /* Debug */,
				C1CCDB3C1E959C7000DBBA70 /* Release */,
			);
			defaultConfigurationIsVisible = 0;
			defaultConfigurationName = Release;
		};
		C1CCDB3D1E959C7000DBBA70 /* Build configuration list for PBXNativeTarget "SmartEx" */ = {
			isa = XCConfigurationList;
			buildConfigurations = (
				C1CCDB3E1E959C7000DBBA70 /* Debug */,
				C1CCDB3F1E959C7000DBBA70 /* Release */,
			);
			defaultConfigurationIsVisible = 0;
			defaultConfigurationName = Release;
		};
/* End XCConfigurationList section */
	};
	rootObject = C1CCDB231E959C7000DBBA70 /* Project object */;
}
